
Microsoft Visual Studio Solution File, Format Version 12.00
# Visual Studio 15
Project("{FAE04EC0-301F-11D3-BF4B-00C04F79EFBC}") = "Oculus.Platform", "Oculus.Platform.csproj", "{AC48345B-3E58-B316-5B3B-744420C49BFF}"
EndProject
Project("{FAE04EC0-301F-11D3-BF4B-00C04F79EFBC}") = "Assembly-CSharp", "Assembly-CSharp.csproj", "{AFAD0229-A854-850E-572F-2680DEF19808}"
EndProject
Project("{FAE04EC0-301F-11D3-BF4B-00C04F79EFBC}") = "HurricaneVR.Framework", "HurricaneVR.Framework.csproj", "{69C93DFB-873C-3908-715A-C762CEDC1492}"
EndProject
Project("{FAE04EC0-301F-11D3-BF4B-00C04F79EFBC}") = "Oculus.Interaction", "Oculus.Interaction.csproj", "{178D8F45-FE2B-D348-5170-05D83016319E}"
EndProject
Project("{FAE04EC0-301F-11D3-BF4B-00C04F79EFBC}") = "ZibraAILiquid", "ZibraAILiquid.csproj", "{897F1956-5A2D-1D53-13A7-D77C8E3ADE02}"
EndProject
Project("{FAE04EC0-301F-11D3-BF4B-00C04F79EFBC}") = "Oculus.VR", "Oculus.VR.csproj", "{72D6FF43-8523-275B-8471-75EC234DEB2F}"
EndProject
Project("{FAE04EC0-301F-11D3-BF4B-00C04F79EFBC}") = "VoiceSDK.Dictation.Runtime", "VoiceSDK.Dictation.Runtime.csproj", "{B050F135-E2AD-688E-6E19-86865E84537D}"
EndProject
Project("{FAE04EC0-301F-11D3-BF4B-00C04F79EFBC}") = "VoiceSDK.Runtime", "VoiceSDK.Runtime.csproj", "{F44234B3-4F0D-5CD6-6589-C8AD40B85F5B}"
EndProject
Project("{FAE04EC0-301F-11D3-BF4B-00C04F79EFBC}") = "Facebook.WitAI", "Facebook.WitAI.csproj", "{47937A23-8C17-0EF3-B925-49D168940960}"
EndProject
Project("{FAE04EC0-301F-11D3-BF4B-00C04F79EFBC}") = "Oculus.Interaction.OVR.Samples", "Oculus.Interaction.OVR.Samples.csproj", "{FF18C4AF-B1DB-C888-A3D1-9605BF5D3E5E}"
EndProject
Project("{FAE04EC0-301F-11D3-BF4B-00C04F79EFBC}") = "ZibraAILiquid.Samples", "ZibraAILiquid.Samples.csproj", "{2AAAFADD-1245-F7EE-C4BA-B989BDCA27BA}"
EndProject
Project("{FAE04EC0-301F-11D3-BF4B-00C04F79EFBC}") = "Oculus.Voice.Demo", "Oculus.Voice.Demo.csproj", "{3A0CE447-8E70-51A2-4071-48739B5CFCA8}"
EndProject
Project("{FAE04EC0-301F-11D3-BF4B-00C04F79EFBC}") = "Oculus.Interaction.OVR", "Oculus.Interaction.OVR.csproj", "{7D6EA3A4-C01E-FEB5-0108-7F4EAF994EAF}"
EndProject
Project("{FAE04EC0-301F-11D3-BF4B-00C04F79EFBC}") = "AssistantCoreSDKRuntime", "AssistantCoreSDKRuntime.csproj", "{183C1BE2-4237-E7E7-146F-AC94DA78B6CD}"
EndProject
Project("{FAE04EC0-301F-11D3-BF4B-00C04F79EFBC}") = "LitJson", "LitJson.csproj", "{0F10D794-94D6-114B-9C47-17406FAEBFC4}"
EndProject
Project("{FAE04EC0-301F-11D3-BF4B-00C04F79EFBC}") = "Oculus.AudioManager", "Oculus.AudioManager.csproj", "{831CEAC6-0EB7-8F3F-C439-F9041724573B}"
EndProject
Project("{FAE04EC0-301F-11D3-BF4B-00C04F79EFBC}") = "Oculus.LipSync", "Oculus.LipSync.csproj", "{16AAA3D6-5409-4E83-3510-8FA9A6954ADA}"
EndProject
Project("{FAE04EC0-301F-11D3-BF4B-00C04F79EFBC}") = "Oculus.Spatializer", "Oculus.Spatializer.csproj", "{B354B064-8642-CAC4-0319-4623F3BBE0B9}"
EndProject
Project("{FAE04EC0-301F-11D3-BF4B-00C04F79EFBC}") = "Facebook.Wit.Conduit", "Facebook.Wit.Conduit.csproj", "{8DB32C9E-DCE8-F113-2865-255813487711}"
EndProject
Project("{FAE04EC0-301F-11D3-BF4B-00C04F79EFBC}") = "Facebook.Wit.Dictation", "Facebook.Wit.Dictation.csproj", "{7AE44424-67E7-6E86-029B-E812B5530FB6}"
EndProject
Project("{FAE04EC0-301F-11D3-BF4B-00C04F79EFBC}") = "Facebook.Wit.TTS", "Facebook.Wit.TTS.csproj", "{582945CA-C8C1-D892-F2E7-0973442F5A91}"
EndProject
Project("{FAE04EC0-301F-11D3-BF4B-00C04F79EFBC}") = "Facebook.Wit.TTS.Samples", "Facebook.Wit.TTS.Samples.csproj", "{6BD53307-DE4A-6F8B-7A3B-B5A1A0CE960F}"
EndProject
Project("{FAE04EC0-301F-11D3-BF4B-00C04F79EFBC}") = "Facebook.Wit.Editor", "Facebook.Wit.Editor.csproj", "{0B348FB5-697B-8968-838D-C2139EDD9BBA}"
EndProject
Project("{FAE04EC0-301F-11D3-BF4B-00C04F79EFBC}") = "ZibraAILiquid.Settings.Editor", "ZibraAILiquid.Settings.Editor.csproj", "{727139E7-BADD-F1E6-FB0B-13B457418B30}"
EndProject
Project("{FAE04EC0-301F-11D3-BF4B-00C04F79EFBC}") = "Facebook.Wit.Conduit.Editor", "Facebook.Wit.Conduit.Editor.csproj", "{3D2ABA23-95BE-8511-035E-D6BB46BA3277}"
EndProject
Project("{FAE04EC0-301F-11D3-BF4B-00C04F79EFBC}") = "Oculus.Interaction.Editor", "Oculus.Interaction.Editor.csproj", "{7A57436E-9F69-9902-1146-AD3692929497}"
EndProject
Project("{FAE04EC0-301F-11D3-BF4B-00C04F79EFBC}") = "Assembly-CSharp-Editor", "Assembly-CSharp-Editor.csproj", "{52892DBB-FA08-25AF-5C8D-A88605408025}"
EndProject
Project("{FAE04EC0-301F-11D3-BF4B-00C04F79EFBC}") = "Oculus.Spatializer.Editor", "Oculus.Spatializer.Editor.csproj", "{1F500FDC-8E76-58DB-254B-48DDBC42E44C}"
EndProject
Project("{FAE04EC0-301F-11D3-BF4B-00C04F79EFBC}") = "Facebook.Wit.TTS.Editor", "Facebook.Wit.TTS.Editor.csproj", "{F9A7E56B-5376-7E05-A09C-2388AC6AF562}"
EndProject
Project("{FAE04EC0-301F-11D3-BF4B-00C04F79EFBC}") = "HurricaneVR.Editor", "HurricaneVR.Editor.csproj", "{E393697C-6573-B96F-3555-77C4A8A5D7D3}"
EndProject
Project("{FAE04EC0-301F-11D3-BF4B-00C04F79EFBC}") = "VoiceSDK.Dictation.Editor", "VoiceSDK.Dictation.Editor.csproj", "{360643CF-2481-BC60-1F51-55696E7BF66B}"
EndProject
Project("{FAE04EC0-301F-11D3-BF4B-00C04F79EFBC}") = "Oculus.Interaction.OVR.Editor", "Oculus.Interaction.OVR.Editor.csproj", "{96753C51-705E-D21D-D267-65A640B6B27A}"
EndProject
Project("{FAE04EC0-301F-11D3-BF4B-00C04F79EFBC}") = "Oculus.Platform.Editor", "Oculus.Platform.Editor.csproj", "{0C179FCC-BFA4-07A8-F890-B918E0AC7A51}"
EndProject
Project("{FAE04EC0-301F-11D3-BF4B-00C04F79EFBC}") = "VoiceSDK.Editor", "VoiceSDK.Editor.csproj", "{9B5B60C3-E570-5650-0323-D1E93EF1205E}"
EndProject
Project("{FAE04EC0-301F-11D3-BF4B-00C04F79EFBC}") = "Oculus.AudioManager.Audio.Editor", "Oculus.AudioManager.Audio.Editor.csproj", "{2E376D33-450D-BF1A-6556-BD98DE2E0394}"
EndProject
Project("{FAE04EC0-301F-11D3-BF4B-00C04F79EFBC}") = "Oculus.VR.Scripts.Editor", "Oculus.VR.Scripts.Editor.csproj", "{30E4DD6F-D547-0B9E-A7A8-56540AB75FDC}"
EndProject
Project("{FAE04EC0-301F-11D3-BF4B-00C04F79EFBC}") = "Oculus.VR.Editor", "Oculus.VR.Editor.csproj", "{307FA39F-EEAB-3398-68E3-58C01E245B99}"
EndProject
Project("{FAE04EC0-301F-11D3-BF4B-00C04F79EFBC}") = "Oculus.LipSync.Editor", "Oculus.LipSync.Editor.csproj", "{15399276-F146-8B9F-F987-8DAD086E8D9F}"
EndProject
Project("{FAE04EC0-301F-11D3-BF4B-00C04F79EFBC}") = "Oculus.AudioManager.Utils.Editor", "Oculus.AudioManager.Utils.Editor.csproj", "{3D4719A4-D003-3905-1E30-36F18957E7D4}"
EndProject
Project("{FAE04EC0-301F-11D3-BF4B-00C04F79EFBC}") = "Oculus.Interaction.Samples.Editor", "Oculus.Interaction.Samples.Editor.csproj", "{F05EF80F-D76B-6239-6191-1A2850494C71}"
EndProject
Project("{FAE04EC0-301F-11D3-BF4B-00C04F79EFBC}") = "Facebook.Wit.Dictation.Editor", "Facebook.Wit.Dictation.Editor.csproj", "{CB87853F-CF35-6F84-F5B8-DF3823E83BD7}"
EndProject
Project("{FAE04EC0-301F-11D3-BF4B-00C04F79EFBC}") = "Oculus.Interaction.InterfaceSupport", "Oculus.Interaction.InterfaceSupport.csproj", "{58AB7C3E-4878-0971-BB92-2FF74B82A2AA}"
EndProject
Project("{FAE04EC0-301F-11D3-BF4B-00C04F79EFBC}") = "AssistantCoreSDKEditor", "AssistantCoreSDKEditor.csproj", "{9AA0E8FC-914B-8E51-FE5B-17BF42CF13CD}"
EndProject
Global
	GlobalSection(SolutionConfigurationPlatforms) = preSolution
		Debug|Any CPU = Debug|Any CPU
		Release|Any CPU = Release|Any CPU
	EndGlobalSection
	GlobalSection(ProjectConfigurationPlatforms) = postSolution
		{AC48345B-3E58-B316-5B3B-744420C49BFF}.Debug|Any CPU.ActiveCfg = Debug|Any CPU
		{AC48345B-3E58-B316-5B3B-744420C49BFF}.Debug|Any CPU.Build.0 = Debug|Any CPU
		{AC48345B-3E58-B316-5B3B-744420C49BFF}.Release|Any CPU.ActiveCfg = Release|Any CPU
		{AC48345B-3E58-B316-5B3B-744420C49BFF}.Release|Any CPU.Build.0 = Release|Any CPU
		{AFAD0229-A854-850E-572F-2680DEF19808}.Debug|Any CPU.ActiveCfg = Debug|Any CPU
		{AFAD0229-A854-850E-572F-2680DEF19808}.Debug|Any CPU.Build.0 = Debug|Any CPU
		{AFAD0229-A854-850E-572F-2680DEF19808}.Release|Any CPU.ActiveCfg = Release|Any CPU
		{AFAD0229-A854-850E-572F-2680DEF19808}.Release|Any CPU.Build.0 = Release|Any CPU
		{69C93DFB-873C-3908-715A-C762CEDC1492}.Debug|Any CPU.ActiveCfg = Debug|Any CPU
		{69C93DFB-873C-3908-715A-C762CEDC1492}.Debug|Any CPU.Build.0 = Debug|Any CPU
		{69C93DFB-873C-3908-715A-C762CEDC1492}.Release|Any CPU.ActiveCfg = Release|Any CPU
		{69C93DFB-873C-3908-715A-C762CEDC1492}.Release|Any CPU.Build.0 = Release|Any CPU
		{178D8F45-FE2B-D348-5170-05D83016319E}.Debug|Any CPU.ActiveCfg = Debug|Any CPU
		{178D8F45-FE2B-D348-5170-05D83016319E}.Debug|Any CPU.Build.0 = Debug|Any CPU
		{178D8F45-FE2B-D348-5170-05D83016319E}.Release|Any CPU.ActiveCfg = Release|Any CPU
		{178D8F45-FE2B-D348-5170-05D83016319E}.Release|Any CPU.Build.0 = Release|Any CPU
		{897F1956-5A2D-1D53-13A7-D77C8E3ADE02}.Debug|Any CPU.ActiveCfg = Debug|Any CPU
		{897F1956-5A2D-1D53-13A7-D77C8E3ADE02}.Debug|Any CPU.Build.0 = Debug|Any CPU
		{897F1956-5A2D-1D53-13A7-D77C8E3ADE02}.Release|Any CPU.ActiveCfg = Release|Any CPU
		{897F1956-5A2D-1D53-13A7-D77C8E3ADE02}.Release|Any CPU.Build.0 = Release|Any CPU
		{72D6FF43-8523-275B-8471-75EC234DEB2F}.Debug|Any CPU.ActiveCfg = Debug|Any CPU
		{72D6FF43-8523-275B-8471-75EC234DEB2F}.Debug|Any CPU.Build.0 = Debug|Any CPU
		{72D6FF43-8523-275B-8471-75EC234DEB2F}.Release|Any CPU.ActiveCfg = Release|Any CPU
		{72D6FF43-8523-275B-8471-75EC234DEB2F}.Release|Any CPU.Build.0 = Release|Any CPU
		{B050F135-E2AD-688E-6E19-86865E84537D}.Debug|Any CPU.ActiveCfg = Debug|Any CPU
		{B050F135-E2AD-688E-6E19-86865E84537D}.Debug|Any CPU.Build.0 = Debug|Any CPU
		{B050F135-E2AD-688E-6E19-86865E84537D}.Release|Any CPU.ActiveCfg = Release|Any CPU
		{B050F135-E2AD-688E-6E19-86865E84537D}.Release|Any CPU.Build.0 = Release|Any CPU
		{F44234B3-4F0D-5CD6-6589-C8AD40B85F5B}.Debug|Any CPU.ActiveCfg = Debug|Any CPU
		{F44234B3-4F0D-5CD6-6589-C8AD40B85F5B}.Debug|Any CPU.Build.0 = Debug|Any CPU
		{F44234B3-4F0D-5CD6-6589-C8AD40B85F5B}.Release|Any CPU.ActiveCfg = Release|Any CPU
		{F44234B3-4F0D-5CD6-6589-C8AD40B85F5B}.Release|Any CPU.Build.0 = Release|Any CPU
		{47937A23-8C17-0EF3-B925-49D168940960}.Debug|Any CPU.ActiveCfg = Debug|Any CPU
		{47937A23-8C17-0EF3-B925-49D168940960}.Debug|Any CPU.Build.0 = Debug|Any CPU
		{47937A23-8C17-0EF3-B925-49D168940960}.Release|Any CPU.ActiveCfg = Release|Any CPU
		{47937A23-8C17-0EF3-B925-49D168940960}.Release|Any CPU.Build.0 = Release|Any CPU
		{FF18C4AF-B1DB-C888-A3D1-9605BF5D3E5E}.Debug|Any CPU.ActiveCfg = Debug|Any CPU
		{FF18C4AF-B1DB-C888-A3D1-9605BF5D3E5E}.Debug|Any CPU.Build.0 = Debug|Any CPU
		{FF18C4AF-B1DB-C888-A3D1-9605BF5D3E5E}.Release|Any CPU.ActiveCfg = Release|Any CPU
		{FF18C4AF-B1DB-C888-A3D1-9605BF5D3E5E}.Release|Any CPU.Build.0 = Release|Any CPU
		{2AAAFADD-1245-F7EE-C4BA-B989BDCA27BA}.Debug|Any CPU.ActiveCfg = Debug|Any CPU
		{2AAAFADD-1245-F7EE-C4BA-B989BDCA27BA}.Debug|Any CPU.Build.0 = Debug|Any CPU
		{2AAAFADD-1245-F7EE-C4BA-B989BDCA27BA}.Release|Any CPU.ActiveCfg = Release|Any CPU
		{2AAAFADD-1245-F7EE-C4BA-B989BDCA27BA}.Release|Any CPU.Build.0 = Release|Any CPU
		{3A0CE447-8E70-51A2-4071-48739B5CFCA8}.Debug|Any CPU.ActiveCfg = Debug|Any CPU
		{3A0CE447-8E70-51A2-4071-48739B5CFCA8}.Debug|Any CPU.Build.0 = Debug|Any CPU
		{3A0CE447-8E70-51A2-4071-48739B5CFCA8}.Release|Any CPU.ActiveCfg = Release|Any CPU
		{3A0CE447-8E70-51A2-4071-48739B5CFCA8}.Release|Any CPU.Build.0 = Release|Any CPU
		{7D6EA3A4-C01E-FEB5-0108-7F4EAF994EAF}.Debug|Any CPU.ActiveCfg = Debug|Any CPU
		{7D6EA3A4-C01E-FEB5-0108-7F4EAF994EAF}.Debug|Any CPU.Build.0 = Debug|Any CPU
		{7D6EA3A4-C01E-FEB5-0108-7F4EAF994EAF}.Release|Any CPU.ActiveCfg = Release|Any CPU
		{7D6EA3A4-C01E-FEB5-0108-7F4EAF994EAF}.Release|Any CPU.Build.0 = Release|Any CPU
		{183C1BE2-4237-E7E7-146F-AC94DA78B6CD}.Debug|Any CPU.ActiveCfg = Debug|Any CPU
		{183C1BE2-4237-E7E7-146F-AC94DA78B6CD}.Debug|Any CPU.Build.0 = Debug|Any CPU
		{183C1BE2-4237-E7E7-146F-AC94DA78B6CD}.Release|Any CPU.ActiveCfg = Release|Any CPU
		{183C1BE2-4237-E7E7-146F-AC94DA78B6CD}.Release|Any CPU.Build.0 = Release|Any CPU
		{0F10D794-94D6-114B-9C47-17406FAEBFC4}.Debug|Any CPU.ActiveCfg = Debug|Any CPU
		{0F10D794-94D6-114B-9C47-17406FAEBFC4}.Debug|Any CPU.Build.0 = Debug|Any CPU
		{0F10D794-94D6-114B-9C47-17406FAEBFC4}.Release|Any CPU.ActiveCfg = Release|Any CPU
		{0F10D794-94D6-114B-9C47-17406FAEBFC4}.Release|Any CPU.Build.0 = Release|Any CPU
		{831CEAC6-0EB7-8F3F-C439-F9041724573B}.Debug|Any CPU.ActiveCfg = Debug|Any CPU
		{831CEAC6-0EB7-8F3F-C439-F9041724573B}.Debug|Any CPU.Build.0 = Debug|Any CPU
		{831CEAC6-0EB7-8F3F-C439-F9041724573B}.Release|Any CPU.ActiveCfg = Release|Any CPU
		{831CEAC6-0EB7-8F3F-C439-F9041724573B}.Release|Any CPU.Build.0 = Release|Any CPU
		{16AAA3D6-5409-4E83-3510-8FA9A6954ADA}.Debug|Any CPU.ActiveCfg = Debug|Any CPU
		{16AAA3D6-5409-4E83-3510-8FA9A6954ADA}.Debug|Any CPU.Build.0 = Debug|Any CPU
		{16AAA3D6-5409-4E83-3510-8FA9A6954ADA}.Release|Any CPU.ActiveCfg = Release|Any CPU
		{16AAA3D6-5409-4E83-3510-8FA9A6954ADA}.Release|Any CPU.Build.0 = Release|Any CPU
		{B354B064-8642-CAC4-0319-4623F3BBE0B9}.Debug|Any CPU.ActiveCfg = Debug|Any CPU
		{B354B064-8642-CAC4-0319-4623F3BBE0B9}.Debug|Any CPU.Build.0 = Debug|Any CPU
		{B354B064-8642-CAC4-0319-4623F3BBE0B9}.Release|Any CPU.ActiveCfg = Release|Any CPU
		{B354B064-8642-CAC4-0319-4623F3BBE0B9}.Release|Any CPU.Build.0 = Release|Any CPU
		{8DB32C9E-DCE8-F113-2865-255813487711}.Debug|Any CPU.ActiveCfg = Debug|Any CPU
		{8DB32C9E-DCE8-F113-2865-255813487711}.Debug|Any CPU.Build.0 = Debug|Any CPU
		{8DB32C9E-DCE8-F113-2865-255813487711}.Release|Any CPU.ActiveCfg = Release|Any CPU
		{8DB32C9E-DCE8-F113-2865-255813487711}.Release|Any CPU.Build.0 = Release|Any CPU
		{7AE44424-67E7-6E86-029B-E812B5530FB6}.Debug|Any CPU.ActiveCfg = Debug|Any CPU
		{7AE44424-67E7-6E86-029B-E812B5530FB6}.Debug|Any CPU.Build.0 = Debug|Any CPU
		{7AE44424-67E7-6E86-029B-E812B5530FB6}.Release|Any CPU.ActiveCfg = Release|Any CPU
		{7AE44424-67E7-6E86-029B-E812B5530FB6}.Release|Any CPU.Build.0 = Release|Any CPU
		{582945CA-C8C1-D892-F2E7-0973442F5A91}.Debug|Any CPU.ActiveCfg = Debug|Any CPU
		{582945CA-C8C1-D892-F2E7-0973442F5A91}.Debug|Any CPU.Build.0 = Debug|Any CPU
		{582945CA-C8C1-D892-F2E7-0973442F5A91}.Release|Any CPU.ActiveCfg = Release|Any CPU
		{582945CA-C8C1-D892-F2E7-0973442F5A91}.Release|Any CPU.Build.0 = Release|Any CPU
		{6BD53307-DE4A-6F8B-7A3B-B5A1A0CE960F}.Debug|Any CPU.ActiveCfg = Debug|Any CPU
		{6BD53307-DE4A-6F8B-7A3B-B5A1A0CE960F}.Debug|Any CPU.Build.0 = Debug|Any CPU
		{6BD53307-DE4A-6F8B-7A3B-B5A1A0CE960F}.Release|Any CPU.ActiveCfg = Release|Any CPU
		{6BD53307-DE4A-6F8B-7A3B-B5A1A0CE960F}.Release|Any CPU.Build.0 = Release|Any CPU
		{0B348FB5-697B-8968-838D-C2139EDD9BBA}.Debug|Any CPU.ActiveCfg = Debug|Any CPU
		{0B348FB5-697B-8968-838D-C2139EDD9BBA}.Debug|Any CPU.Build.0 = Debug|Any CPU
		{0B348FB5-697B-8968-838D-C2139EDD9BBA}.Release|Any CPU.ActiveCfg = Release|Any CPU
		{0B348FB5-697B-8968-838D-C2139EDD9BBA}.Release|Any CPU.Build.0 = Release|Any CPU
		{727139E7-BADD-F1E6-FB0B-13B457418B30}.Debug|Any CPU.ActiveCfg = Debug|Any CPU
		{727139E7-BADD-F1E6-FB0B-13B457418B30}.Debug|Any CPU.Build.0 = Debug|Any CPU
		{727139E7-BADD-F1E6-FB0B-13B457418B30}.Release|Any CPU.ActiveCfg = Release|Any CPU
		{727139E7-BADD-F1E6-FB0B-13B457418B30}.Release|Any CPU.Build.0 = Release|Any CPU
		{3D2ABA23-95BE-8511-035E-D6BB46BA3277}.Debug|Any CPU.ActiveCfg = Debug|Any CPU
		{3D2ABA23-95BE-8511-035E-D6BB46BA3277}.Debug|Any CPU.Build.0 = Debug|Any CPU
		{3D2ABA23-95BE-8511-035E-D6BB46BA3277}.Release|Any CPU.ActiveCfg = Release|Any CPU
		{3D2ABA23-95BE-8511-035E-D6BB46BA3277}.Release|Any CPU.Build.0 = Release|Any CPU
		{7A57436E-9F69-9902-1146-AD3692929497}.Debug|Any CPU.ActiveCfg = Debug|Any CPU
		{7A57436E-9F69-9902-1146-AD3692929497}.Debug|Any CPU.Build.0 = Debug|Any CPU
		{7A57436E-9F69-9902-1146-AD3692929497}.Release|Any CPU.ActiveCfg = Release|Any CPU
		{7A57436E-9F69-9902-1146-AD3692929497}.Release|Any CPU.Build.0 = Release|Any CPU
		{52892DBB-FA08-25AF-5C8D-A88605408025}.Debug|Any CPU.ActiveCfg = Debug|Any CPU
		{52892DBB-FA08-25AF-5C8D-A88605408025}.Debug|Any CPU.Build.0 = Debug|Any CPU
		{52892DBB-FA08-25AF-5C8D-A88605408025}.Release|Any CPU.ActiveCfg = Release|Any CPU
		{52892DBB-FA08-25AF-5C8D-A88605408025}.Release|Any CPU.Build.0 = Release|Any CPU
		{1F500FDC-8E76-58DB-254B-48DDBC42E44C}.Debug|Any CPU.ActiveCfg = Debug|Any CPU
		{1F500FDC-8E76-58DB-254B-48DDBC42E44C}.Debug|Any CPU.Build.0 = Debug|Any CPU
		{1F500FDC-8E76-58DB-254B-48DDBC42E44C}.Release|Any CPU.ActiveCfg = Release|Any CPU
		{1F500FDC-8E76-58DB-254B-48DDBC42E44C}.Release|Any CPU.Build.0 = Release|Any CPU
		{F9A7E56B-5376-7E05-A09C-2388AC6AF562}.Debug|Any CPU.ActiveCfg = Debug|Any CPU
		{F9A7E56B-5376-7E05-A09C-2388AC6AF562}.Debug|Any CPU.Build.0 = Debug|Any CPU
		{F9A7E56B-5376-7E05-A09C-2388AC6AF562}.Release|Any CPU.ActiveCfg = Release|Any CPU
		{F9A7E56B-5376-7E05-A09C-2388AC6AF562}.Release|Any CPU.Build.0 = Release|Any CPU
		{E393697C-6573-B96F-3555-77C4A8A5D7D3}.Debug|Any CPU.ActiveCfg = Debug|Any CPU
		{E393697C-6573-B96F-3555-77C4A8A5D7D3}.Debug|Any CPU.Build.0 = Debug|Any CPU
		{E393697C-6573-B96F-3555-77C4A8A5D7D3}.Release|Any CPU.ActiveCfg = Release|Any CPU
		{E393697C-6573-B96F-3555-77C4A8A5D7D3}.Release|Any CPU.Build.0 = Release|Any CPU
		{360643CF-2481-BC60-1F51-55696E7BF66B}.Debug|Any CPU.ActiveCfg = Debug|Any CPU
		{360643CF-2481-BC60-1F51-55696E7BF66B}.Debug|Any CPU.Build.0 = Debug|Any CPU
		{360643CF-2481-BC60-1F51-55696E7BF66B}.Release|Any CPU.ActiveCfg = Release|Any CPU
		{360643CF-2481-BC60-1F51-55696E7BF66B}.Release|Any CPU.Build.0 = Release|Any CPU
		{96753C51-705E-D21D-D267-65A640B6B27A}.Debug|Any CPU.ActiveCfg = Debug|Any CPU
		{96753C51-705E-D21D-D267-65A640B6B27A}.Debug|Any CPU.Build.0 = Debug|Any CPU
		{96753C51-705E-D21D-D267-65A640B6B27A}.Release|Any CPU.ActiveCfg = Release|Any CPU
		{96753C51-705E-D21D-D267-65A640B6B27A}.Release|Any CPU.Build.0 = Release|Any CPU
		{0C179FCC-BFA4-07A8-F890-B918E0AC7A51}.Debug|Any CPU.ActiveCfg = Debug|Any CPU
		{0C179FCC-BFA4-07A8-F890-B918E0AC7A51}.Debug|Any CPU.Build.0 = Debug|Any CPU
		{0C179FCC-BFA4-07A8-F890-B918E0AC7A51}.Release|Any CPU.ActiveCfg = Release|Any CPU
		{0C179FCC-BFA4-07A8-F890-B918E0AC7A51}.Release|Any CPU.Build.0 = Release|Any CPU
		{9B5B60C3-E570-5650-0323-D1E93EF1205E}.Debug|Any CPU.ActiveCfg = Debug|Any CPU
		{9B5B60C3-E570-5650-0323-D1E93EF1205E}.Debug|Any CPU.Build.0 = Debug|Any CPU
		{9B5B60C3-E570-5650-0323-D1E93EF1205E}.Release|Any CPU.ActiveCfg = Release|Any CPU
		{9B5B60C3-E570-5650-0323-D1E93EF1205E}.Release|Any CPU.Build.0 = Release|Any CPU
		{2E376D33-450D-BF1A-6556-BD98DE2E0394}.Debug|Any CPU.ActiveCfg = Debug|Any CPU
		{2E376D33-450D-BF1A-6556-BD98DE2E0394}.Debug|Any CPU.Build.0 = Debug|Any CPU
		{2E376D33-450D-BF1A-6556-BD98DE2E0394}.Release|Any CPU.ActiveCfg = Release|Any CPU
		{2E376D33-450D-BF1A-6556-BD98DE2E0394}.Release|Any CPU.Build.0 = Release|Any CPU
		{30E4DD6F-D547-0B9E-A7A8-56540AB75FDC}.Debug|Any CPU.ActiveCfg = Debug|Any CPU
		{30E4DD6F-D547-0B9E-A7A8-56540AB75FDC}.Debug|Any CPU.Build.0 = Debug|Any CPU
		{30E4DD6F-D547-0B9E-A7A8-56540AB75FDC}.Release|Any CPU.ActiveCfg = Release|Any CPU
		{30E4DD6F-D547-0B9E-A7A8-56540AB75FDC}.Release|Any CPU.Build.0 = Release|Any CPU
		{307FA39F-EEAB-3398-68E3-58C01E245B99}.Debug|Any CPU.ActiveCfg = Debug|Any CPU
		{307FA39F-EEAB-3398-68E3-58C01E245B99}.Debug|Any CPU.Build.0 = Debug|Any CPU
		{307FA39F-EEAB-3398-68E3-58C01E245B99}.Release|Any CPU.ActiveCfg = Release|Any CPU
		{307FA39F-EEAB-3398-68E3-58C01E245B99}.Release|Any CPU.Build.0 = Release|Any CPU
		{15399276-F146-8B9F-F987-8DAD086E8D9F}.Debug|Any CPU.ActiveCfg = Debug|Any CPU
		{15399276-F146-8B9F-F987-8DAD086E8D9F}.Debug|Any CPU.Build.0 = Debug|Any CPU
		{15399276-F146-8B9F-F987-8DAD086E8D9F}.Release|Any CPU.ActiveCfg = Release|Any CPU
		{15399276-F146-8B9F-F987-8DAD086E8D9F}.Release|Any CPU.Build.0 = Release|Any CPU
		{3D4719A4-D003-3905-1E30-36F18957E7D4}.Debug|Any CPU.ActiveCfg = Debug|Any CPU
		{3D4719A4-D003-3905-1E30-36F18957E7D4}.Debug|Any CPU.Build.0 = Debug|Any CPU
		{3D4719A4-D003-3905-1E30-36F18957E7D4}.Release|Any CPU.ActiveCfg = Release|Any CPU
		{3D4719A4-D003-3905-1E30-36F18957E7D4}.Release|Any CPU.Build.0 = Release|Any CPU
		{F05EF80F-D76B-6239-6191-1A2850494C71}.Debug|Any CPU.ActiveCfg = Debug|Any CPU
		{F05EF80F-D76B-6239-6191-1A2850494C71}.Debug|Any CPU.Build.0 = Debug|Any CPU
		{F05EF80F-D76B-6239-6191-1A2850494C71}.Release|Any CPU.ActiveCfg = Release|Any CPU
		{F05EF80F-D76B-6239-6191-1A2850494C71}.Release|Any CPU.Build.0 = Release|Any CPU
		{CB87853F-CF35-6F84-F5B8-DF3823E83BD7}.Debug|Any CPU.ActiveCfg = Debug|Any CPU
		{CB87853F-CF35-6F84-F5B8-DF3823E83BD7}.Debug|Any CPU.Build.0 = Debug|Any CPU
		{CB87853F-CF35-6F84-F5B8-DF3823E83BD7}.Release|Any CPU.ActiveCfg = Release|Any CPU
		{CB87853F-CF35-6F84-F5B8-DF3823E83BD7}.Release|Any CPU.Build.0 = Release|Any CPU
		{58AB7C3E-4878-0971-BB92-2FF74B82A2AA}.Debug|Any CPU.ActiveCfg = Debug|Any CPU
		{58AB7C3E-4878-0971-BB92-2FF74B82A2AA}.Debug|Any CPU.Build.0 = Debug|Any CPU
		{58AB7C3E-4878-0971-BB92-2FF74B82A2AA}.Release|Any CPU.ActiveCfg = Release|Any CPU
		{58AB7C3E-4878-0971-BB92-2FF74B82A2AA}.Release|Any CPU.Build.0 = Release|Any CPU
		{9AA0E8FC-914B-8E51-FE5B-17BF42CF13CD}.Debug|Any CPU.ActiveCfg = Debug|Any CPU
		{9AA0E8FC-914B-8E51-FE5B-17BF42CF13CD}.Debug|Any CPU.Build.0 = Debug|Any CPU
		{9AA0E8FC-914B-8E51-FE5B-17BF42CF13CD}.Release|Any CPU.ActiveCfg = Release|Any CPU
		{9AA0E8FC-914B-8E51-FE5B-17BF42CF13CD}.Release|Any CPU.Build.0 = Release|Any CPU
	EndGlobalSection
	GlobalSection(SolutionProperties) = preSolution
		HideSolutionNode = FALSE
	EndGlobalSection
EndGlobal
